
Microsoft Visual Studio Solution File, Format Version 12.00
# Visual Studio Version 17
VisualStudioVersion = 17.10.35013.160
MinimumVisualStudioVersion = 10.0.40219.1
Project("{FAE04EC0-301F-11D3-BF4B-00C04F79EFBC}") = "DameLaReceta", "DameLaReceta\DameLaReceta\DameLaReceta.csproj", "{30D74943-C317-4D03-BCC2-3687590C831F}"
EndProject
Project("{FAE04EC0-301F-11D3-BF4B-00C04F79EFBC}") = "DameLaReceta.Client", "DameLaReceta\DameLaReceta.Client\DameLaReceta.Client.csproj", "{543619F2-520C-41C7-A3CB-D2181629C65A}"
EndProject
Global
	GlobalSection(SolutionConfigurationPlatforms) = preSolution
		Debug|Any CPU = Debug|Any CPU
		Release|Any CPU = Release|Any CPU
	EndGlobalSection
	GlobalSection(ProjectConfigurationPlatforms) = postSolution
		{30D74943-C317-4D03-BCC2-3687590C831F}.Debug|Any CPU.ActiveCfg = Debug|Any CPU
		{30D74943-C317-4D03-BCC2-3687590C831F}.Debug|Any CPU.Build.0 = Debug|Any CPU
		{30D74943-C317-4D03-BCC2-3687590C831F}.Release|Any CPU.ActiveCfg = Release|Any CPU
		{30D74943-C317-4D03-BCC2-3687590C831F}.Release|Any CPU.Build.0 = Release|Any CPU
		{543619F2-520C-41C7-A3CB-D2181629C65A}.Debug|Any CPU.ActiveCfg = Debug|Any CPU
		{543619F2-520C-41C7-A3CB-D2181629C65A}.Debug|Any CPU.Build.0 = Debug|Any CPU
		{543619F2-520C-41C7-A3CB-D2181629C65A}.Release|Any CPU.ActiveCfg = Release|Any CPU
		{543619F2-520C-41C7-A3CB-D2181629C65A}.Release|Any CPU.Build.0 = Release|Any CPU
	EndGlobalSection
	GlobalSection(SolutionProperties) = preSolution
		HideSolutionNode = FALSE
	EndGlobalSection
	GlobalSection(ExtensibilityGlobals) = postSolution
		SolutionGuid = {38F17017-5F1B-4C48-B134-9EC81D5B55F7}
	EndGlobalSection
EndGlobal
